// !$*UTF8*$!
{
	archiveVersion = 1;
	classes = {
	};
	objectVersion = 55;
	objects = {

/* Begin PBXBuildFile section */
		282C2A1D286B74A400707B08 /* AppDelegate.swift in Sources */ = {isa = PBXBuildFile; fileRef = 282C2A1C286B74A400707B08 /* AppDelegate.swift */; };
		282C2A1F286B74A400707B08 /* SceneDelegate.swift in Sources */ = {isa = PBXBuildFile; fileRef = 282C2A1E286B74A400707B08 /* SceneDelegate.swift */; };
		282C2A21286B74A400707B08 /* RouteSelectionViewController.swift in Sources */ = {isa = PBXBuildFile; fileRef = 282C2A20286B74A400707B08 /* RouteSelectionViewController.swift */; };
		282C2A26286B74A500707B08 /* Assets.xcassets in Resources */ = {isa = PBXBuildFile; fileRef = 282C2A25286B74A500707B08 /* Assets.xcassets */; };
		282C2A29286B74A500707B08 /* LaunchScreen.storyboard in Resources */ = {isa = PBXBuildFile; fileRef = 282C2A27286B74A500707B08 /* LaunchScreen.storyboard */; };
		282C2A35286B790300707B08 /* DirectionsViewController.swift in Sources */ = {isa = PBXBuildFile; fileRef = 282C2A34286B790300707B08 /* DirectionsViewController.swift */; };
		282C2A39286B7E3300707B08 /* UITextField+Additions.swift in Sources */ = {isa = PBXBuildFile; fileRef = 282C2A38286B7E3300707B08 /* UITextField+Additions.swift */; };
		282C2A3B286B7ECB00707B08 /* TimeInterval+Additions.swift in Sources */ = {isa = PBXBuildFile; fileRef = 282C2A3A286B7ECB00707B08 /* TimeInterval+Additions.swift */; };
		282C2A3E286B7F4900707B08 /* Route.swift in Sources */ = {isa = PBXBuildFile; fileRef = 282C2A3D286B7F4900707B08 /* Route.swift */; };
		282C2A40286B803C00707B08 /* RouteAnnotation.swift in Sources */ = {isa = PBXBuildFile; fileRef = 282C2A3F286B803C00707B08 /* RouteAnnotation.swift */; };
		282C2A6F287F454500707B08 /* RouteBuilder.swift in Sources */ = {isa = PBXBuildFile; fileRef = 282C2A6E287F454500707B08 /* RouteBuilder.swift */; };
		282C2A72287F48B900707B08 /* CLPlacemark+Additions.swift in Sources */ = {isa = PBXBuildFile; fileRef = 282C2A71287F48B900707B08 /* CLPlacemark+Additions.swift */; };
		282C2A74287F48D300707B08 /* UIColor+Additions.swift in Sources */ = {isa = PBXBuildFile; fileRef = 282C2A73287F48D300707B08 /* UIColor+Additions.swift */; };
		282C2A76287F48E300707B08 /* UIButton+Additions.swift in Sources */ = {isa = PBXBuildFile; fileRef = 282C2A75287F48E300707B08 /* UIButton+Additions.swift */; };
		282C2A78287F48F400707B08 /* UIImage+Additions.swift in Sources */ = {isa = PBXBuildFile; fileRef = 282C2A77287F48F400707B08 /* UIImage+Additions.swift */; };
		282C2A7A287F490500707B08 /* UIView+Additions.swift in Sources */ = {isa = PBXBuildFile; fileRef = 282C2A79287F490500707B08 /* UIView+Additions.swift */; };
		282C2A7C28847FE900707B08 /* DirectionsViewController.xib in Resources */ = {isa = PBXBuildFile; fileRef = 282C2A7B28847FE900707B08 /* DirectionsViewController.xib */; };
		282C2A7E28847FF100707B08 /* RouteSelectionViewController.xib in Resources */ = {isa = PBXBuildFile; fileRef = 282C2A7D28847FF100707B08 /* RouteSelectionViewController.xib */; };
/* End PBXBuildFile section */

/* Begin PBXFileReference section */
		282C2A19286B74A400707B08 /* RoutingWithMapKitAndCoreLocation.app */ = {isa = PBXFileReference; explicitFileType = wrapper.application; includeInIndex = 0; path = RoutingWithMapKitAndCoreLocation.app; sourceTree = BUILT_PRODUCTS_DIR; };
		282C2A1C286B74A400707B08 /* AppDelegate.swift */ = {isa = PBXFileReference; lastKnownFileType = sourcecode.swift; path = AppDelegate.swift; sourceTree = "<group>"; };
		282C2A1E286B74A400707B08 /* SceneDelegate.swift */ = {isa = PBXFileReference; lastKnownFileType = sourcecode.swift; path = SceneDelegate.swift; sourceTree = "<group>"; };
		282C2A20286B74A400707B08 /* RouteSelectionViewController.swift */ = {isa = PBXFileReference; lastKnownFileType = sourcecode.swift; path = RouteSelectionViewController.swift; sourceTree = "<group>"; };
		282C2A25286B74A500707B08 /* Assets.xcassets */ = {isa = PBXFileReference; lastKnownFileType = folder.assetcatalog; path = Assets.xcassets; sourceTree = "<group>"; };
		282C2A28286B74A500707B08 /* Base */ = {isa = PBXFileReference; lastKnownFileType = file.storyboard; name = Base; path = Base.lproj/LaunchScreen.storyboard; sourceTree = "<group>"; };
		282C2A2A286B74A500707B08 /* Info.plist */ = {isa = PBXFileReference; lastKnownFileType = text.plist.xml; path = Info.plist; sourceTree = "<group>"; };
		282C2A34286B790300707B08 /* DirectionsViewController.swift */ = {isa = PBXFileReference; lastKnownFileType = sourcecode.swift; path = DirectionsViewController.swift; sourceTree = "<group>"; };
		282C2A38286B7E3300707B08 /* UITextField+Additions.swift */ = {isa = PBXFileReference; lastKnownFileType = sourcecode.swift; path = "UITextField+Additions.swift"; sourceTree = "<group>"; };
		282C2A3A286B7ECB00707B08 /* TimeInterval+Additions.swift */ = {isa = PBXFileReference; lastKnownFileType = sourcecode.swift; path = "TimeInterval+Additions.swift"; sourceTree = "<group>"; };
		282C2A3D286B7F4900707B08 /* Route.swift */ = {isa = PBXFileReference; lastKnownFileType = sourcecode.swift; path = Route.swift; sourceTree = "<group>"; };
		282C2A3F286B803C00707B08 /* RouteAnnotation.swift */ = {isa = PBXFileReference; lastKnownFileType = sourcecode.swift; path = RouteAnnotation.swift; sourceTree = "<group>"; };
		282C2A6E287F454500707B08 /* RouteBuilder.swift */ = {isa = PBXFileReference; lastKnownFileType = sourcecode.swift; path = RouteBuilder.swift; sourceTree = "<group>"; };
		282C2A71287F48B900707B08 /* CLPlacemark+Additions.swift */ = {isa = PBXFileReference; lastKnownFileType = sourcecode.swift; path = "CLPlacemark+Additions.swift"; sourceTree = "<group>"; };
		282C2A73287F48D300707B08 /* UIColor+Additions.swift */ = {isa = PBXFileReference; lastKnownFileType = sourcecode.swift; path = "UIColor+Additions.swift"; sourceTree = "<group>"; };
		282C2A75287F48E300707B08 /* UIButton+Additions.swift */ = {isa = PBXFileReference; lastKnownFileType = sourcecode.swift; path = "UIButton+Additions.swift"; sourceTree = "<group>"; };
		282C2A77287F48F400707B08 /* UIImage+Additions.swift */ = {isa = PBXFileReference; lastKnownFileType = sourcecode.swift; path = "UIImage+Additions.swift"; sourceTree = "<group>"; };
		282C2A79287F490500707B08 /* UIView+Additions.swift */ = {isa = PBXFileReference; lastKnownFileType = sourcecode.swift; path = "UIView+Additions.swift"; sourceTree = "<group>"; };
		282C2A7B28847FE900707B08 /* DirectionsViewController.xib */ = {isa = PBXFileReference; fileEncoding = 4; lastKnownFileType = file.xib; path = DirectionsViewController.xib; sourceTree = "<group>"; };
		282C2A7D28847FF100707B08 /* RouteSelectionViewController.xib */ = {isa = PBXFileReference; fileEncoding = 4; lastKnownFileType = file.xib; path = RouteSelectionViewController.xib; sourceTree = "<group>"; };
/* End PBXFileReference section */

/* Begin PBXFrameworksBuildPhase section */
		282C2A16286B74A400707B08 /* Frameworks */ = {
			isa = PBXFrameworksBuildPhase;
			buildActionMask = 2147483647;
			files = (
			);
			runOnlyForDeploymentPostprocessing = 0;
		};
/* End PBXFrameworksBuildPhase section */

/* Begin PBXGroup section */
		282C2A10286B74A400707B08 = {
			isa = PBXGroup;
			children = (
				282C2A1B286B74A400707B08 /* RoutingWithMapKitAndCoreLocation */,
				282C2A1A286B74A400707B08 /* Products */,
			);
			sourceTree = "<group>";
		};
		282C2A1A286B74A400707B08 /* Products */ = {
			isa = PBXGroup;
			children = (
				282C2A19286B74A400707B08 /* RoutingWithMapKitAndCoreLocation.app */,
			);
			name = Products;
			sourceTree = "<group>";
		};
		282C2A1B286B74A400707B08 /* RoutingWithMapKitAndCoreLocation */ = {
			isa = PBXGroup;
			children = (
				282C2A30286B753B00707B08 /* App */,
				282C2A31286B754400707B08 /* ViewControllers */,
				282C2A3C286B7F3D00707B08 /* Model */,
				282C2A37286B7E1A00707B08 /* Extensions */,
				282C2A36286B7E0200707B08 /* Helpers */,
				282C2A32286B754D00707B08 /* Storyboards */,
				282C2A33286B755500707B08 /* Resources */,
			);
			path = RoutingWithMapKitAndCoreLocation;
			sourceTree = "<group>";
		};
		282C2A30286B753B00707B08 /* App */ = {
			isa = PBXGroup;
			children = (
				282C2A1C286B74A400707B08 /* AppDelegate.swift */,
				282C2A1E286B74A400707B08 /* SceneDelegate.swift */,
				282C2A2A286B74A500707B08 /* Info.plist */,
			);
			path = App;
			sourceTree = "<group>";
		};
		282C2A31286B754400707B08 /* ViewControllers */ = {
			isa = PBXGroup;
			children = (
				282C2A20286B74A400707B08 /* RouteSelectionViewController.swift */,
				282C2A7D28847FF100707B08 /* RouteSelectionViewController.xib */,
				282C2A34286B790300707B08 /* DirectionsViewController.swift */,
				282C2A7B28847FE900707B08 /* DirectionsViewController.xib */,
			);
			path = ViewControllers;
			sourceTree = "<group>";
		};
		282C2A32286B754D00707B08 /* Storyboards */ = {
			isa = PBXGroup;
			children = (
				282C2A27286B74A500707B08 /* LaunchScreen.storyboard */,
			);
			path = Storyboards;
			sourceTree = "<group>";
		};
		282C2A33286B755500707B08 /* Resources */ = {
			isa = PBXGroup;
			children = (
				282C2A25286B74A500707B08 /* Assets.xcassets */,
			);
			path = Resources;
			sourceTree = "<group>";
		};
		282C2A36286B7E0200707B08 /* Helpers */ = {
			isa = PBXGroup;
			children = (
				282C2A6E287F454500707B08 /* RouteBuilder.swift */,
			);
			path = Helpers;
			sourceTree = "<group>";
		};
		282C2A37286B7E1A00707B08 /* Extensions */ = {
			isa = PBXGroup;
			children = (
				282C2A71287F48B900707B08 /* CLPlacemark+Additions.swift */,
				282C2A3A286B7ECB00707B08 /* TimeInterval+Additions.swift */,
				282C2A73287F48D300707B08 /* UIColor+Additions.swift */,
				282C2A75287F48E300707B08 /* UIButton+Additions.swift */,
				282C2A77287F48F400707B08 /* UIImage+Additions.swift */,
				282C2A79287F490500707B08 /* UIView+Additions.swift */,
				282C2A38286B7E3300707B08 /* UITextField+Additions.swift */,
			);
			path = Extensions;
			sourceTree = "<group>";
		};
		282C2A3C286B7F3D00707B08 /* Model */ = {
			isa = PBXGroup;
			children = (
				282C2A3D286B7F4900707B08 /* Route.swift */,
				282C2A3F286B803C00707B08 /* RouteAnnotation.swift */,
			);
			path = Model;
			sourceTree = "<group>";
		};
/* End PBXGroup section */

/* Begin PBXNativeTarget section */
		282C2A18286B74A400707B08 /* RoutingWithMapKitAndCoreLocation */ = {
			isa = PBXNativeTarget;
			buildConfigurationList = 282C2A2D286B74A500707B08 /* Build configuration list for PBXNativeTarget "RoutingWithMapKitAndCoreLocation" */;
			buildPhases = (
				282C2A15286B74A400707B08 /* Sources */,
				282C2A16286B74A400707B08 /* Frameworks */,
				282C2A17286B74A400707B08 /* Resources */,
			);
			buildRules = (
			);
			dependencies = (
			);
			name = RoutingWithMapKitAndCoreLocation;
			productName = RoutingWithMapKitAndCoreLocation;
			productReference = 282C2A19286B74A400707B08 /* RoutingWithMapKitAndCoreLocation.app */;
			productType = "com.apple.product-type.application";
		};
/* End PBXNativeTarget section */

/* Begin PBXProject section */
		282C2A11286B74A400707B08 /* Project object */ = {
			isa = PBXProject;
			attributes = {
				BuildIndependentTargetsInParallel = 1;
				LastSwiftUpdateCheck = 1340;
				LastUpgradeCheck = 1340;
				TargetAttributes = {
					282C2A18286B74A400707B08 = {
						CreatedOnToolsVersion = 13.4.1;
					};
				};
			};
			buildConfigurationList = 282C2A14286B74A400707B08 /* Build configuration list for PBXProject "RoutingWithMapKitAndCoreLocation" */;
			compatibilityVersion = "Xcode 13.0";
			developmentRegion = en;
			hasScannedForEncodings = 0;
			knownRegions = (
				en,
				Base,
			);
			mainGroup = 282C2A10286B74A400707B08;
			productRefGroup = 282C2A1A286B74A400707B08 /* Products */;
			projectDirPath = "";
			projectRoot = "";
			targets = (
				282C2A18286B74A400707B08 /* RoutingWithMapKitAndCoreLocation */,
			);
		};
/* End PBXProject section */

/* Begin PBXResourcesBuildPhase section */
		282C2A17286B74A400707B08 /* Resources */ = {
			isa = PBXResourcesBuildPhase;
			buildActionMask = 2147483647;
			files = (
				282C2A7C28847FE900707B08 /* DirectionsViewController.xib in Resources */,
				282C2A29286B74A500707B08 /* LaunchScreen.storyboard in Resources */,
				282C2A7E28847FF100707B08 /* RouteSelectionViewController.xib in Resources */,
				282C2A26286B74A500707B08 /* Assets.xcassets in Resources */,
			);
			runOnlyForDeploymentPostprocessing = 0;
		};
/* End PBXResourcesBuildPhase section */

/* Begin PBXSourcesBuildPhase section */
		282C2A15286B74A400707B08 /* Sources */ = {
			isa = PBXSourcesBuildPhase;
			buildActionMask = 2147483647;
			files = (
				282C2A35286B790300707B08 /* DirectionsViewController.swift in Sources */,
				282C2A72287F48B900707B08 /* CLPlacemark+Additions.swift in Sources */,
				282C2A21286B74A400707B08 /* RouteSelectionViewController.swift in Sources */,
				282C2A76287F48E300707B08 /* UIButton+Additions.swift in Sources */,
				282C2A78287F48F400707B08 /* UIImage+Additions.swift in Sources */,
				282C2A40286B803C00707B08 /* RouteAnnotation.swift in Sources */,
				282C2A39286B7E3300707B08 /* UITextField+Additions.swift in Sources */,
				282C2A74287F48D300707B08 /* UIColor+Additions.swift in Sources */,
				282C2A3B286B7ECB00707B08 /* TimeInterval+Additions.swift in Sources */,
				282C2A1D286B74A400707B08 /* AppDelegate.swift in Sources */,
				282C2A3E286B7F4900707B08 /* Route.swift in Sources */,
				282C2A6F287F454500707B08 /* RouteBuilder.swift in Sources */,
				282C2A7A287F490500707B08 /* UIView+Additions.swift in Sources */,
				282C2A1F286B74A400707B08 /* SceneDelegate.swift in Sources */,
			);
			runOnlyForDeploymentPostprocessing = 0;
		};
/* End PBXSourcesBuildPhase section */

/* Begin PBXVariantGroup section */
		282C2A27286B74A500707B08 /* LaunchScreen.storyboard */ = {
			isa = PBXVariantGroup;
			children = (
				282C2A28286B74A500707B08 /* Base */,
			);
			name = LaunchScreen.storyboard;
			sourceTree = "<group>";
		};
/* End PBXVariantGroup section */

/* Begin XCBuildConfiguration section */
		282C2A2B286B74A500707B08 /* Debug */ = {
			isa = XCBuildConfiguration;
			buildSettings = {
				ALWAYS_SEARCH_USER_PATHS = NO;
				CLANG_ANALYZER_NONNULL = YES;
				CLANG_ANALYZER_NUMBER_OBJECT_CONVERSION = YES_AGGRESSIVE;
				CLANG_CXX_LANGUAGE_STANDARD = "gnu++17";
				CLANG_ENABLE_MODULES = YES;
				CLANG_ENABLE_OBJC_ARC = YES;
				CLANG_ENABLE_OBJC_WEAK = YES;
				CLANG_WARN_BLOCK_CAPTURE_AUTORELEASING = YES;
				CLANG_WARN_BOOL_CONVERSION = YES;
				CLANG_WARN_COMMA = YES;
				CLANG_WARN_CONSTANT_CONVERSION = YES;
				CLANG_WARN_DEPRECATED_OBJC_IMPLEMENTATIONS = YES;
				CLANG_WARN_DIRECT_OBJC_ISA_USAGE = YES_ERROR;
				CLANG_WARN_DOCUMENTATION_COMMENTS = YES;
				CLANG_WARN_EMPTY_BODY = YES;
				CLANG_WARN_ENUM_CONVERSION = YES;
				CLANG_WARN_INFINITE_RECURSION = YES;
				CLANG_WARN_INT_CONVERSION = YES;
				CLANG_WARN_NON_LITERAL_NULL_CONVERSION = YES;
				CLANG_WARN_OBJC_IMPLICIT_RETAIN_SELF = YES;
				CLANG_WARN_OBJC_LITERAL_CONVERSION = YES;
				CLANG_WARN_OBJC_ROOT_CLASS = YES_ERROR;
				CLANG_WARN_QUOTED_INCLUDE_IN_FRAMEWORK_HEADER = YES;
				CLANG_WARN_RANGE_LOOP_ANALYSIS = YES;
				CLANG_WARN_STRICT_PROTOTYPES = YES;
				CLANG_WARN_SUSPICIOUS_MOVE = YES;
				CLANG_WARN_UNGUARDED_AVAILABILITY = YES_AGGRESSIVE;
				CLANG_WARN_UNREACHABLE_CODE = YES;
				CLANG_WARN__DUPLICATE_METHOD_MATCH = YES;
				COPY_PHASE_STRIP = NO;
				DEBUG_INFORMATION_FORMAT = dwarf;
				ENABLE_STRICT_OBJC_MSGSEND = YES;
				ENABLE_TESTABILITY = YES;
				GCC_C_LANGUAGE_STANDARD = gnu11;
				GCC_DYNAMIC_NO_PIC = NO;
				GCC_NO_COMMON_BLOCKS = YES;
				GCC_OPTIMIZATION_LEVEL = 0;
				GCC_PREPROCESSOR_DEFINITIONS = (
					"DEBUG=1",
					"$(inherited)",
				);
				GCC_WARN_64_TO_32_BIT_CONVERSION = YES;
				GCC_WARN_ABOUT_RETURN_TYPE = YES_ERROR;
				GCC_WARN_UNDECLARED_SELECTOR = YES;
				GCC_WARN_UNINITIALIZED_AUTOS = YES_AGGRESSIVE;
				GCC_WARN_UNUSED_FUNCTION = YES;
				GCC_WARN_UNUSED_VARIABLE = YES;
				IPHONEOS_DEPLOYMENT_TARGET = 15.5;
				MTL_ENABLE_DEBUG_INFO = INCLUDE_SOURCE;
				MTL_FAST_MATH = YES;
				ONLY_ACTIVE_ARCH = YES;
				SDKROOT = iphoneos;
				SWIFT_ACTIVE_COMPILATION_CONDITIONS = DEBUG;
				SWIFT_OPTIMIZATION_LEVEL = "-Onone";
			};
			name = Debug;
		};
		282C2A2C286B74A500707B08 /* Release */ = {
			isa = XCBuildConfiguration;
			buildSettings = {
				ALWAYS_SEARCH_USER_PATHS = NO;
				CLANG_ANALYZER_NONNULL = YES;
				CLANG_ANALYZER_NUMBER_OBJECT_CONVERSION = YES_AGGRESSIVE;
				CLANG_CXX_LANGUAGE_STANDARD = "gnu++17";
				CLANG_ENABLE_MODULES = YES;
				CLANG_ENABLE_OBJC_ARC = YES;
				CLANG_ENABLE_OBJC_WEAK = YES;
				CLANG_WARN_BLOCK_CAPTURE_AUTORELEASING = YES;
				CLANG_WARN_BOOL_CONVERSION = YES;
				CLANG_WARN_COMMA = YES;
				CLANG_WARN_CONSTANT_CONVERSION = YES;
				CLANG_WARN_DEPRECATED_OBJC_IMPLEMENTATIONS = YES;
				CLANG_WARN_DIRECT_OBJC_ISA_USAGE = YES_ERROR;
				CLANG_WARN_DOCUMENTATION_COMMENTS = YES;
				CLANG_WARN_EMPTY_BODY = YES;
				CLANG_WARN_ENUM_CONVERSION = YES;
				CLANG_WARN_INFINITE_RECURSION = YES;
				CLANG_WARN_INT_CONVERSION = YES;
				CLANG_WARN_NON_LITERAL_NULL_CONVERSION = YES;
				CLANG_WARN_OBJC_IMPLICIT_RETAIN_SELF = YES;
				CLANG_WARN_OBJC_LITERAL_CONVERSION = YES;
				CLANG_WARN_OBJC_ROOT_CLASS = YES_ERROR;
				CLANG_WARN_QUOTED_INCLUDE_IN_FRAMEWORK_HEADER = YES;
				CLANG_WARN_RANGE_LOOP_ANALYSIS = YES;
				CLANG_WARN_STRICT_PROTOTYPES = YES;
				CLANG_WARN_SUSPICIOUS_MOVE = YES;
				CLANG_WARN_UNGUARDED_AVAILABILITY = YES_AGGRESSIVE;
				CLANG_WARN_UNREACHABLE_CODE = YES;
				CLANG_WARN__DUPLICATE_METHOD_MATCH = YES;
				COPY_PHASE_STRIP = NO;
				DEBUG_INFORMATION_FORMAT = "dwarf-with-dsym";
				ENABLE_NS_ASSERTIONS = NO;
				ENABLE_STRICT_OBJC_MSGSEND = YES;
				GCC_C_LANGUAGE_STANDARD = gnu11;
				GCC_NO_COMMON_BLOCKS = YES;
				GCC_WARN_64_TO_32_BIT_CONVERSION = YES;
				GCC_WARN_ABOUT_RETURN_TYPE = YES_ERROR;
				GCC_WARN_UNDECLARED_SELECTOR = YES;
				GCC_WARN_UNINITIALIZED_AUTOS = YES_AGGRESSIVE;
				GCC_WARN_UNUSED_FUNCTION = YES;
				GCC_WARN_UNUSED_VARIABLE = YES;
				IPHONEOS_DEPLOYMENT_TARGET = 15.5;
				MTL_ENABLE_DEBUG_INFO = NO;
				MTL_FAST_MATH = YES;
				SDKROOT = iphoneos;
				SWIFT_COMPILATION_MODE = wholemodule;
				SWIFT_OPTIMIZATION_LEVEL = "-O";
				VALIDATE_PRODUCT = YES;
			};
			name = Release;
		};
		282C2A2E286B74A500707B08 /* Debug */ = {
			isa = XCBuildConfiguration;
			buildSettings = {
				ASSETCATALOG_COMPILER_APPICON_NAME = AppIcon;
				ASSETCATALOG_COMPILER_GLOBAL_ACCENT_COLOR_NAME = AccentColor;
				CODE_SIGN_STYLE = Automatic;
				CURRENT_PROJECT_VERSION = 1;
				DEVELOPMENT_TEAM = 6P96P67U8G;
				GENERATE_INFOPLIST_FILE = YES;
				INFOPLIST_FILE = RoutingWithMapKitAndCoreLocation/App/Info.plist;
				INFOPLIST_KEY_NSLocationWhenInUseUsageDescription = "Used to autofill the start/end location.";
				INFOPLIST_KEY_UIApplicationSupportsIndirectInputEvents = YES;
				INFOPLIST_KEY_UILaunchStoryboardName = LaunchScreen;
				INFOPLIST_KEY_UISupportedInterfaceOrientations_iPad = "UIInterfaceOrientationPortrait UIInterfaceOrientationPortraitUpsideDown UIInterfaceOrientationLandscapeLeft UIInterfaceOrientationLandscapeRight";
				INFOPLIST_KEY_UISupportedInterfaceOrientations_iPhone = "UIInterfaceOrientationPortrait UIInterfaceOrientationLandscapeLeft UIInterfaceOrientationLandscapeRight";
				LD_RUNPATH_SEARCH_PATHS = (
					"$(inherited)",
					"@executable_path/Frameworks",
				);
				MARKETING_VERSION = 1.0;
				PRODUCT_BUNDLE_IDENTIFIER = ru.alexrybachev.RoutingWithMapKitAndCoreLocation;
				PRODUCT_NAME = "$(TARGET_NAME)";
				SWIFT_EMIT_LOC_STRINGS = YES;
				SWIFT_VERSION = 5.0;
				TARGETED_DEVICE_FAMILY = 1;
			};
			name = Debug;
		};
		282C2A2F286B74A500707B08 /* Release */ = {
			isa = XCBuildConfiguration;
			buildSettings = {
				ASSETCATALOG_COMPILER_APPICON_NAME = AppIcon;
				ASSETCATALOG_COMPILER_GLOBAL_ACCENT_COLOR_NAME = AccentColor;
				CODE_SIGN_STYLE = Automatic;
				CURRENT_PROJECT_VERSION = 1;
				DEVELOPMENT_TEAM = 6P96P67U8G;
				GENERATE_INFOPLIST_FILE = YES;
				INFOPLIST_FILE = RoutingWithMapKitAndCoreLocation/App/Info.plist;
				INFOPLIST_KEY_NSLocationWhenInUseUsageDescription = "Used to autofill the start/end location.";
				INFOPLIST_KEY_UIApplicationSupportsIndirectInputEvents = YES;
				INFOPLIST_KEY_UILaunchStoryboardName = LaunchScreen;
				INFOPLIST_KEY_UISupportedInterfaceOrientations_iPad = "UIInterfaceOrientationPortrait UIInterfaceOrientationPortraitUpsideDown UIInterfaceOrientationLandscapeLeft UIInterfaceOrientationLandscapeRight";
				INFOPLIST_KEY_UISupportedInterfaceOrientations_iPhone = "UIInterfaceOrientationPortrait UIInterfaceOrientationLandscapeLeft UIInterfaceOrientationLandscapeRight";
				LD_RUNPATH_SEARCH_PATHS = (
					"$(inherited)",
					"@executable_path/Frameworks",
				);
				MARKETING_VERSION = 1.0;
				PRODUCT_BUNDLE_IDENTIFIER = ru.alexrybachev.RoutingWithMapKitAndCoreLocation;
				PRODUCT_NAME = "$(TARGET_NAME)";
				SWIFT_EMIT_LOC_STRINGS = YES;
				SWIFT_VERSION = 5.0;
				TARGETED_DEVICE_FAMILY = 1;
			};
			name = Release;
		};
/* End XCBuildConfiguration section */

/* Begin XCConfigurationList section */
		282C2A14286B74A400707B08 /* Build configuration list for PBXProject "RoutingWithMapKitAndCoreLocation" */ = {
			isa = XCConfigurationList;
			buildConfigurations = (
				282C2A2B286B74A500707B08 /* Debug */,
				282C2A2C286B74A500707B08 /* Release */,
			);
			defaultConfigurationIsVisible = 0;
			defaultConfigurationName = Release;
		};
		282C2A2D286B74A500707B08 /* Build configuration list for PBXNativeTarget "RoutingWithMapKitAndCoreLocation" */ = {
			isa = XCConfigurationList;
			buildConfigurations = (
				282C2A2E286B74A500707B08 /* Debug */,
				282C2A2F286B74A500707B08 /* Release */,
			);
			defaultConfigurationIsVisible = 0;
			defaultConfigurationName = Release;
		};
/* End XCConfigurationList section */
	};
	rootObject = 282C2A11286B74A400707B08 /* Project object */;
}
